
Microsoft Visual Studio Solution File, Format Version 12.00
# Visual Studio 14
VisualStudioVersion = 14.0.25420.1
MinimumVisualStudioVersion = 10.0.40219.1
Project("{FAE04EC0-301F-11D3-BF4B-00C04F79EFBC}") = "LSkin", "LSkin\LSkin.csproj", "{6E3FAC2A-BCB2-4C47-9F09-637921B44EB4}"
EndProject
Project("{FAE04EC0-301F-11D3-BF4B-00C04F79EFBC}") = "ListGroup", "ListGroup\ListGroup.csproj", "{81D503F2-4CFF-489E-B75E-E3A2FA484C79}"
EndProject
Project("{FAE04EC0-301F-11D3-BF4B-00C04F79EFBC}") = "LMusicPlay", "LMusicPlay\LMusicPlay.csproj", "{CBE251FB-D5D7-4AE8-A41C-30DE175326CC}"
EndProject
Global
	GlobalSection(SolutionConfigurationPlatforms) = preSolution
		Debug|Any CPU = Debug|Any CPU
		Release|Any CPU = Release|Any CPU
	EndGlobalSection
	GlobalSection(ProjectConfigurationPlatforms) = postSolution
		{6E3FAC2A-BCB2-4C47-9F09-637921B44EB4}.Debug|Any CPU.ActiveCfg = Debug|Any CPU
		{6E3FAC2A-BCB2-4C47-9F09-637921B44EB4}.Debug|Any CPU.Build.0 = Debug|Any CPU
		{6E3FAC2A-BCB2-4C47-9F09-637921B44EB4}.Release|Any CPU.ActiveCfg = Release|Any CPU
		{6E3FAC2A-BCB2-4C47-9F09-637921B44EB4}.Release|Any CPU.Build.0 = Release|Any CPU
		{81D503F2-4CFF-489E-B75E-E3A2FA484C79}.Debug|Any CPU.ActiveCfg = Debug|Any CPU
		{81D503F2-4CFF-489E-B75E-E3A2FA484C79}.Debug|Any CPU.Build.0 = Debug|Any CPU
		{81D503F2-4CFF-489E-B75E-E3A2FA484C79}.Release|Any CPU.ActiveCfg = Release|Any CPU
		{81D503F2-4CFF-489E-B75E-E3A2FA484C79}.Release|Any CPU.Build.0 = Release|Any CPU
		{CBE251FB-D5D7-4AE8-A41C-30DE175326CC}.Debug|Any CPU.ActiveCfg = Debug|Any CPU
		{CBE251FB-D5D7-4AE8-A41C-30DE175326CC}.Debug|Any CPU.Build.0 = Debug|Any CPU
		{CBE251FB-D5D7-4AE8-A41C-30DE175326CC}.Release|Any CPU.ActiveCfg = Release|Any CPU
		{CBE251FB-D5D7-4AE8-A41C-30DE175326CC}.Release|Any CPU.Build.0 = Release|Any CPU
	EndGlobalSection
	GlobalSection(SolutionProperties) = preSolution
		HideSolutionNode = FALSE
	EndGlobalSection
EndGlobal
